
Microsoft Visual Studio Solution File, Format Version 12.00
# Visual Studio Version 16
VisualStudioVersion = 16.0.31229.75
MinimumVisualStudioVersion = 10.0.40219.1
Project("{FAE04EC0-301F-11D3-BF4B-00C04F79EFBC}") = "MiPrimerBot", "MiPrimerBot\MiPrimerBot.csproj", "{79D0AF5F-0D3C-4131-A33D-E0E451B976B3}"
EndProject
Global
	GlobalSection(SolutionConfigurationPlatforms) = preSolution
		Debug|Any CPU = Debug|Any CPU
		Release|Any CPU = Release|Any CPU
	EndGlobalSection
	GlobalSection(ProjectConfigurationPlatforms) = postSolution
		{79D0AF5F-0D3C-4131-A33D-E0E451B976B3}.Debug|Any CPU.ActiveCfg = Debug|Any CPU
		{79D0AF5F-0D3C-4131-A33D-E0E451B976B3}.Debug|Any CPU.Build.0 = Debug|Any CPU
		{79D0AF5F-0D3C-4131-A33D-E0E451B976B3}.Release|Any CPU.ActiveCfg = Release|Any CPU
		{79D0AF5F-0D3C-4131-A33D-E0E451B976B3}.Release|Any CPU.Build.0 = Release|Any CPU
	EndGlobalSection
	GlobalSection(SolutionProperties) = preSolution
		HideSolutionNode = FALSE
	EndGlobalSection
	GlobalSection(ExtensibilityGlobals) = postSolution
		SolutionGuid = {18BE4D0B-4FB3-45E8-8AFB-734CB3C6C76F}
	EndGlobalSection
EndGlobal
